
Microsoft Visual Studio Solution File, Format Version 12.00
# Visual Studio Version 16
VisualStudioVersion = 16.0.30204.135
MinimumVisualStudioVersion = 10.0.40219.1
Project("{FAE04EC0-301F-11D3-BF4B-00C04F79EFBC}") = "HelloCSharpWin", "HelloCSharpWin\HelloCSharpWin.csproj", "{C99E40D8-FB1F-4E6C-9351-D05FBC683468}"
EndProject
Global
	GlobalSection(SolutionConfigurationPlatforms) = preSolution
		Debug|Any CPU = Debug|Any CPU
		Release|Any CPU = Release|Any CPU
	EndGlobalSection
	GlobalSection(ProjectConfigurationPlatforms) = postSolution
		{C99E40D8-FB1F-4E6C-9351-D05FBC683468}.Debug|Any CPU.ActiveCfg = Debug|Any CPU
		{C99E40D8-FB1F-4E6C-9351-D05FBC683468}.Debug|Any CPU.Build.0 = Debug|Any CPU
		{C99E40D8-FB1F-4E6C-9351-D05FBC683468}.Release|Any CPU.ActiveCfg = Release|Any CPU
		{C99E40D8-FB1F-4E6C-9351-D05FBC683468}.Release|Any CPU.Build.0 = Release|Any CPU
	EndGlobalSection
	GlobalSection(SolutionProperties) = preSolution
		HideSolutionNode = FALSE
	EndGlobalSection
	GlobalSection(ExtensibilityGlobals) = postSolution
		SolutionGuid = {80AF7D9A-62D8-4DDF-809B-F03157D088EF}
	EndGlobalSection
EndGlobal
